// !$*UTF8*$!
{
	archiveVersion = 1;
	classes = {
	};
	objectVersion = 46;
	objects = {

/* Begin PBXBuildFile section */
		781EE077214664AC004E03EB /* AppDelegate.swift in Sources */ = {isa = PBXBuildFile; fileRef = 781EE076214664AC004E03EB /* AppDelegate.swift */; };
		781EE079214664AC004E03EB /* ViewController.swift in Sources */ = {isa = PBXBuildFile; fileRef = 781EE078214664AC004E03EB /* ViewController.swift */; };
		781EE07C214664AC004E03EB /* Main.storyboard in Resources */ = {isa = PBXBuildFile; fileRef = 781EE07A214664AC004E03EB /* Main.storyboard */; };
		781EE07E214664AC004E03EB /* Assets.xcassets in Resources */ = {isa = PBXBuildFile; fileRef = 781EE07D214664AC004E03EB /* Assets.xcassets */; };
		781EE081214664AC004E03EB /* LaunchScreen.storyboard in Resources */ = {isa = PBXBuildFile; fileRef = 781EE07F214664AC004E03EB /* LaunchScreen.storyboard */; };
		781EE08A2146715F004E03EB /* CoreLocation.framework in Frameworks */ = {isa = PBXBuildFile; fileRef = 781EE0892146715F004E03EB /* CoreLocation.framework */; };
		781EE08C21467E34004E03EB /* GoogleService-Info.plist in Resources */ = {isa = PBXBuildFile; fileRef = 781EE08B21467E34004E03EB /* GoogleService-Info.plist */; };
		782357E9216226CE00BC69A8 /* CustomCell.swift in Sources */ = {isa = PBXBuildFile; fileRef = 782357E8216226CE00BC69A8 /* CustomCell.swift */; };
		782357EB216228DA00BC69A8 /* Details.swift in Sources */ = {isa = PBXBuildFile; fileRef = 782357EA216228DA00BC69A8 /* Details.swift */; };
		8B810CC988D8D7D7D9F7C7BD /* Pods_mapDemo.framework in Frameworks */ = {isa = PBXBuildFile; fileRef = 79E739CBC4B6C1C52F067404 /* Pods_mapDemo.framework */; };
/* End PBXBuildFile section */

/* Begin PBXFileReference section */
		781EE073214664AC004E03EB /* mapDemo.app */ = {isa = PBXFileReference; explicitFileType = wrapper.application; includeInIndex = 0; path = mapDemo.app; sourceTree = BUILT_PRODUCTS_DIR; };
		781EE076214664AC004E03EB /* AppDelegate.swift */ = {isa = PBXFileReference; lastKnownFileType = sourcecode.swift; path = AppDelegate.swift; sourceTree = "<group>"; };
		781EE078214664AC004E03EB /* ViewController.swift */ = {isa = PBXFileReference; lastKnownFileType = sourcecode.swift; path = ViewController.swift; sourceTree = "<group>"; };
		781EE07B214664AC004E03EB /* Base */ = {isa = PBXFileReference; lastKnownFileType = file.storyboard; name = Base; path = Base.lproj/Main.storyboard; sourceTree = "<group>"; };
		781EE07D214664AC004E03EB /* Assets.xcassets */ = {isa = PBXFileReference; lastKnownFileType = folder.assetcatalog; path = Assets.xcassets; sourceTree = "<group>"; };
		781EE080214664AC004E03EB /* Base */ = {isa = PBXFileReference; lastKnownFileType = file.storyboard; name = Base; path = Base.lproj/LaunchScreen.storyboard; sourceTree = "<group>"; };
		781EE082214664AC004E03EB /* Info.plist */ = {isa = PBXFileReference; lastKnownFileType = text.plist.xml; path = Info.plist; sourceTree = "<group>"; };
		781EE0892146715F004E03EB /* CoreLocation.framework */ = {isa = PBXFileReference; lastKnownFileType = wrapper.framework; name = CoreLocation.framework; path = System/Library/Frameworks/CoreLocation.framework; sourceTree = SDKROOT; };
		781EE08B21467E34004E03EB /* GoogleService-Info.plist */ = {isa = PBXFileReference; fileEncoding = 4; lastKnownFileType = text.plist.xml; name = "GoogleService-Info.plist"; path = "../../GoogleService-Info.plist"; sourceTree = "<group>"; };
		782357E8216226CE00BC69A8 /* CustomCell.swift */ = {isa = PBXFileReference; fileEncoding = 4; lastKnownFileType = sourcecode.swift; path = CustomCell.swift; sourceTree = "<group>"; };
		782357EA216228DA00BC69A8 /* Details.swift */ = {isa = PBXFileReference; fileEncoding = 4; lastKnownFileType = sourcecode.swift; path = Details.swift; sourceTree = "<group>"; };
		79E739CBC4B6C1C52F067404 /* Pods_mapDemo.framework */ = {isa = PBXFileReference; explicitFileType = wrapper.framework; includeInIndex = 0; path = Pods_mapDemo.framework; sourceTree = BUILT_PRODUCTS_DIR; };
		DB2757AF9B92F637AE811EC6 /* Pods-mapDemo.release.xcconfig */ = {isa = PBXFileReference; includeInIndex = 1; lastKnownFileType = text.xcconfig; name = "Pods-mapDemo.release.xcconfig"; path = "Pods/Target Support Files/Pods-mapDemo/Pods-mapDemo.release.xcconfig"; sourceTree = "<group>"; };
		FFB4017B003BB88CA843BC9F /* Pods-mapDemo.debug.xcconfig */ = {isa = PBXFileReference; includeInIndex = 1; lastKnownFileType = text.xcconfig; name = "Pods-mapDemo.debug.xcconfig"; path = "Pods/Target Support Files/Pods-mapDemo/Pods-mapDemo.debug.xcconfig"; sourceTree = "<group>"; };
/* End PBXFileReference section */

/* Begin PBXFrameworksBuildPhase section */
		781EE070214664AC004E03EB /* Frameworks */ = {
			isa = PBXFrameworksBuildPhase;
			buildActionMask = 2147483647;
			files = (
				781EE08A2146715F004E03EB /* CoreLocation.framework in Frameworks */,
				8B810CC988D8D7D7D9F7C7BD /* Pods_mapDemo.framework in Frameworks */,
			);
			runOnlyForDeploymentPostprocessing = 0;
		};
/* End PBXFrameworksBuildPhase section */

/* Begin PBXGroup section */
		781EE06A214664AC004E03EB = {
			isa = PBXGroup;
			children = (
				781EE075214664AC004E03EB /* mapDemo */,
				781EE074214664AC004E03EB /* Products */,
				781EE0882146715F004E03EB /* Frameworks */,
				A8C7EAABDEC033E783DB0894 /* Pods */,
			);
			sourceTree = "<group>";
		};
		781EE074214664AC004E03EB /* Products */ = {
			isa = PBXGroup;
			children = (
				781EE073214664AC004E03EB /* mapDemo.app */,
			);
			name = Products;
			sourceTree = "<group>";
		};
		781EE075214664AC004E03EB /* mapDemo */ = {
			isa = PBXGroup;
			children = (
				781EE076214664AC004E03EB /* AppDelegate.swift */,
				781EE078214664AC004E03EB /* ViewController.swift */,
				781EE07A214664AC004E03EB /* Main.storyboard */,
				781EE07D214664AC004E03EB /* Assets.xcassets */,
				781EE07F214664AC004E03EB /* LaunchScreen.storyboard */,
				781EE082214664AC004E03EB /* Info.plist */,
				781EE08B21467E34004E03EB /* GoogleService-Info.plist */,
				782357E8216226CE00BC69A8 /* CustomCell.swift */,
				782357EA216228DA00BC69A8 /* Details.swift */,
			);
			path = mapDemo;
			sourceTree = "<group>";
		};
		781EE0882146715F004E03EB /* Frameworks */ = {
			isa = PBXGroup;
			children = (
				781EE0892146715F004E03EB /* CoreLocation.framework */,
				79E739CBC4B6C1C52F067404 /* Pods_mapDemo.framework */,
			);
			name = Frameworks;
			sourceTree = "<group>";
		};
		A8C7EAABDEC033E783DB0894 /* Pods */ = {
			isa = PBXGroup;
			children = (
				FFB4017B003BB88CA843BC9F /* Pods-mapDemo.debug.xcconfig */,
				DB2757AF9B92F637AE811EC6 /* Pods-mapDemo.release.xcconfig */,
			);
			name = Pods;
			sourceTree = "<group>";
		};
/* End PBXGroup section */

/* Begin PBXNativeTarget section */
		781EE072214664AC004E03EB /* mapDemo */ = {
			isa = PBXNativeTarget;
			buildConfigurationList = 781EE085214664AC004E03EB /* Build configuration list for PBXNativeTarget "mapDemo" */;
			buildPhases = (
				8C560D20AA7AC24A849AF3EC /* [CP] Check Pods Manifest.lock */,
				781EE06F214664AC004E03EB /* Sources */,
				781EE070214664AC004E03EB /* Frameworks */,
				781EE071214664AC004E03EB /* Resources */,
				EE66F3B9C08817E2BDCD8F8C /* [CP] Embed Pods Frameworks */,
			);
			buildRules = (
			);
			dependencies = (
			);
			name = mapDemo;
			productName = mapDemo;
			productReference = 781EE073214664AC004E03EB /* mapDemo.app */;
			productType = "com.apple.product-type.application";
		};
/* End PBXNativeTarget section */

/* Begin PBXProject section */
		781EE06B214664AC004E03EB /* Project object */ = {
			isa = PBXProject;
			attributes = {
				LastSwiftUpdateCheck = 0830;
				LastUpgradeCheck = 0830;
				ORGANIZATIONNAME = "SVECW-5";
				TargetAttributes = {
					781EE072214664AC004E03EB = {
						CreatedOnToolsVersion = 8.3.3;
						DevelopmentTeam = 822ZRS7896;
						ProvisioningStyle = Automatic;
					};
				};
			};
			buildConfigurationList = 781EE06E214664AC004E03EB /* Build configuration list for PBXProject "mapDemo" */;
			compatibilityVersion = "Xcode 3.2";
			developmentRegion = English;
			hasScannedForEncodings = 0;
			knownRegions = (
				en,
				Base,
			);
			mainGroup = 781EE06A214664AC004E03EB;
			productRefGroup = 781EE074214664AC004E03EB /* Products */;
			projectDirPath = "";
			projectRoot = "";
			targets = (
				781EE072214664AC004E03EB /* mapDemo */,
			);
		};
/* End PBXProject section */

/* Begin PBXResourcesBuildPhase section */
		781EE071214664AC004E03EB /* Resources */ = {
			isa = PBXResourcesBuildPhase;
			buildActionMask = 2147483647;
			files = (
				781EE081214664AC004E03EB /* LaunchScreen.storyboard in Resources */,
				781EE08C21467E34004E03EB /* GoogleService-Info.plist in Resources */,
				781EE07E214664AC004E03EB /* Assets.xcassets in Resources */,
				781EE07C214664AC004E03EB /* Main.storyboard in Resources */,
			);
			runOnlyForDeploymentPostprocessing = 0;
		};
/* End PBXResourcesBuildPhase section */

/* Begin PBXShellScriptBuildPhase section */
		8C560D20AA7AC24A849AF3EC /* [CP] Check Pods Manifest.lock */ = {
			isa = PBXShellScriptBuildPhase;
			buildActionMask = 2147483647;
			files = (
			);
			inputPaths = (
				"${PODS_PODFILE_DIR_PATH}/Podfile.lock",
				"${PODS_ROOT}/Manifest.lock",
			);
			name = "[CP] Check Pods Manifest.lock";
			outputPaths = (
				"$(DERIVED_FILE_DIR)/Pods-mapDemo-checkManifestLockResult.txt",
			);
			runOnlyForDeploymentPostprocessing = 0;
			shellPath = /bin/sh;
			shellScript = "diff \"${PODS_PODFILE_DIR_PATH}/Podfile.lock\" \"${PODS_ROOT}/Manifest.lock\" > /dev/null\nif [ $? != 0 ] ; then\n    # print error to STDERR\n    echo \"error: The sandbox is not in sync with the Podfile.lock. Run 'pod install' or update your CocoaPods installation.\" >&2\n    exit 1\nfi\n# This output is used by Xcode 'outputs' to avoid re-running this script phase.\necho \"SUCCESS\" > \"${SCRIPT_OUTPUT_FILE_0}\"\n";
			showEnvVarsInLog = 0;
		};
		EE66F3B9C08817E2BDCD8F8C /* [CP] Embed Pods Frameworks */ = {
			isa = PBXShellScriptBuildPhase;
			buildActionMask = 2147483647;
			files = (
			);
			inputPaths = (
				"${SRCROOT}/Pods/Target Support Files/Pods-mapDemo/Pods-mapDemo-frameworks.sh",
				"${BUILT_PRODUCTS_DIR}/GoogleToolboxForMac/GoogleToolboxForMac.framework",
				"${BUILT_PRODUCTS_DIR}/leveldb-library/leveldb.framework",
				"${BUILT_PRODUCTS_DIR}/nanopb/nanopb.framework",
			);
			name = "[CP] Embed Pods Frameworks";
			outputPaths = (
				"${TARGET_BUILD_DIR}/${FRAMEWORKS_FOLDER_PATH}/GoogleToolboxForMac.framework",
				"${TARGET_BUILD_DIR}/${FRAMEWORKS_FOLDER_PATH}/leveldb.framework",
				"${TARGET_BUILD_DIR}/${FRAMEWORKS_FOLDER_PATH}/nanopb.framework",
			);
			runOnlyForDeploymentPostprocessing = 0;
			shellPath = /bin/sh;
			shellScript = "\"${SRCROOT}/Pods/Target Support Files/Pods-mapDemo/Pods-mapDemo-frameworks.sh\"\n";
			showEnvVarsInLog = 0;
		};
/* End PBXShellScriptBuildPhase section */

/* Begin PBXSourcesBuildPhase section */
		781EE06F214664AC004E03EB /* Sources */ = {
			isa = PBXSourcesBuildPhase;
			buildActionMask = 2147483647;
			files = (
				781EE079214664AC004E03EB /* ViewController.swift in Sources */,
				782357E9216226CE00BC69A8 /* CustomCell.swift in Sources */,
				782357EB216228DA00BC69A8 /* Details.swift in Sources */,
				781EE077214664AC004E03EB /* AppDelegate.swift in Sources */,
			);
			runOnlyForDeploymentPostprocessing = 0;
		};
/* End PBXSourcesBuildPhase section */

/* Begin PBXVariantGroup section */
		781EE07A214664AC004E03EB /* Main.storyboard */ = {
			isa = PBXVariantGroup;
			children = (
				781EE07B214664AC004E03EB /* Base */,
			);
			name = Main.storyboard;
			sourceTree = "<group>";
		};
		781EE07F214664AC004E03EB /* LaunchScreen.storyboard */ = {
			isa = PBXVariantGroup;
			children = (
				781EE080214664AC004E03EB /* Base */,
			);
			name = LaunchScreen.storyboard;
			sourceTree = "<group>";
		};
/* End PBXVariantGroup section */

/* Begin XCBuildConfiguration section */
		781EE083214664AC004E03EB /* Debug */ = {
			isa = XCBuildConfiguration;
			buildSettings = {
				ALWAYS_SEARCH_USER_PATHS = NO;
				CLANG_ANALYZER_NONNULL = YES;
				CLANG_ANALYZER_NUMBER_OBJECT_CONVERSION = YES_AGGRESSIVE;
				CLANG_CXX_LANGUAGE_STANDARD = "gnu++0x";
				CLANG_CXX_LIBRARY = "libc++";
				CLANG_ENABLE_MODULES = YES;
				CLANG_ENABLE_OBJC_ARC = YES;
				CLANG_WARN_BOOL_CONVERSION = YES;
				CLANG_WARN_CONSTANT_CONVERSION = YES;
				CLANG_WARN_DIRECT_OBJC_ISA_USAGE = YES_ERROR;
				CLANG_WARN_DOCUMENTATION_COMMENTS = YES;
				CLANG_WARN_EMPTY_BODY = YES;
				CLANG_WARN_ENUM_CONVERSION = YES;
				CLANG_WARN_INFINITE_RECURSION = YES;
				CLANG_WARN_INT_CONVERSION = YES;
				CLANG_WARN_OBJC_ROOT_CLASS = YES_ERROR;
				CLANG_WARN_SUSPICIOUS_MOVE = YES;
				CLANG_WARN_UNREACHABLE_CODE = YES;
				CLANG_WARN__DUPLICATE_METHOD_MATCH = YES;
				"CODE_SIGN_IDENTITY[sdk=iphoneos*]" = "iPhone Developer";
				COPY_PHASE_STRIP = NO;
				DEBUG_INFORMATION_FORMAT = dwarf;
				ENABLE_STRICT_OBJC_MSGSEND = YES;
				ENABLE_TESTABILITY = YES;
				GCC_C_LANGUAGE_STANDARD = gnu99;
				GCC_DYNAMIC_NO_PIC = NO;
				GCC_NO_COMMON_BLOCKS = YES;
				GCC_OPTIMIZATION_LEVEL = 0;
				GCC_PREPROCESSOR_DEFINITIONS = (
					"DEBUG=1",
					"$(inherited)",
				);
				GCC_WARN_64_TO_32_BIT_CONVERSION = YES;
				GCC_WARN_ABOUT_RETURN_TYPE = YES_ERROR;
				GCC_WARN_UNDECLARED_SELECTOR = YES;
				GCC_WARN_UNINITIALIZED_AUTOS = YES_AGGRESSIVE;
				GCC_WARN_UNUSED_FUNCTION = YES;
				GCC_WARN_UNUSED_VARIABLE = YES;
				IPHONEOS_DEPLOYMENT_TARGET = 10.3;
				MTL_ENABLE_DEBUG_INFO = YES;
				ONLY_ACTIVE_ARCH = YES;
				SDKROOT = iphoneos;
				SWIFT_ACTIVE_COMPILATION_CONDITIONS = DEBUG;
				SWIFT_OPTIMIZATION_LEVEL = "-Onone";
			};
			name = Debug;
		};
		781EE084214664AC004E03EB /* Release */ = {
			isa = XCBuildConfiguration;
			buildSettings = {
				ALWAYS_SEARCH_USER_PATHS = NO;
				CLANG_ANALYZER_NONNULL = YES;
				CLANG_ANALYZER_NUMBER_OBJECT_CONVERSION = YES_AGGRESSIVE;
				CLANG_CXX_LANGUAGE_STANDARD = "gnu++0x";
				CLANG_CXX_LIBRARY = "libc++";
				CLANG_ENABLE_MODULES = YES;
				CLANG_ENABLE_OBJC_ARC = YES;
				CLANG_WARN_BOOL_CONVERSION = YES;
				CLANG_WARN_CONSTANT_CONVERSION = YES;
				CLANG_WARN_DIRECT_OBJC_ISA_USAGE = YES_ERROR;
				CLANG_WARN_DOCUMENTATION_COMMENTS = YES;
				CLANG_WARN_EMPTY_BODY = YES;
				CLANG_WARN_ENUM_CONVERSION = YES;
				CLANG_WARN_INFINITE_RECURSION = YES;
				CLANG_WARN_INT_CONVERSION = YES;
				CLANG_WARN_OBJC_ROOT_CLASS = YES_ERROR;
				CLANG_WARN_SUSPICIOUS_MOVE = YES;
				CLANG_WARN_UNREACHABLE_CODE = YES;
				CLANG_WARN__DUPLICATE_METHOD_MATCH = YES;
				"CODE_SIGN_IDENTITY[sdk=iphoneos*]" = "iPhone Developer";
				COPY_PHASE_STRIP = NO;
				DEBUG_INFORMATION_FORMAT = "dwarf-with-dsym";
				ENABLE_NS_ASSERTIONS = NO;
				ENABLE_STRICT_OBJC_MSGSEND = YES;
				GCC_C_LANGUAGE_STANDARD = gnu99;
				GCC_NO_COMMON_BLOCKS = YES;
				GCC_WARN_64_TO_32_BIT_CONVERSION = YES;
				GCC_WARN_ABOUT_RETURN_TYPE = YES_ERROR;
				GCC_WARN_UNDECLARED_SELECTOR = YES;
				GCC_WARN_UNINITIALIZED_AUTOS = YES_AGGRESSIVE;
				GCC_WARN_UNUSED_FUNCTION = YES;
				GCC_WARN_UNUSED_VARIABLE = YES;
				IPHONEOS_DEPLOYMENT_TARGET = 10.3;
				MTL_ENABLE_DEBUG_INFO = NO;
				SDKROOT = iphoneos;
				SWIFT_OPTIMIZATION_LEVEL = "-Owholemodule";
				VALIDATE_PRODUCT = YES;
			};
			name = Release;
		};
		781EE086214664AC004E03EB /* Debug */ = {
			isa = XCBuildConfiguration;
			baseConfigurationReference = FFB4017B003BB88CA843BC9F /* Pods-mapDemo.debug.xcconfig */;
			buildSettings = {
				ASSETCATALOG_COMPILER_APPICON_NAME = AppIcon;
				"CODE_SIGN_IDENTITY[sdk=iphoneos*]" = "iPhone Developer";
				DEVELOPMENT_TEAM = 822ZRS7896;
				INFOPLIST_FILE = mapDemo/Info.plist;
				LD_RUNPATH_SEARCH_PATHS = "$(inherited) @executable_path/Frameworks";
				PRODUCT_BUNDLE_IDENTIFIER = practice2.mapDemo;
				PRODUCT_NAME = "$(TARGET_NAME)";
				PROVISIONING_PROFILE_SPECIFIER = "";
				SWIFT_VERSION = 3.0;
			};
			name = Debug;
		};
		781EE087214664AC004E03EB /* Release */ = {
			isa = XCBuildConfiguration;
			baseConfigurationReference = DB2757AF9B92F637AE811EC6 /* Pods-mapDemo.release.xcconfig */;
			buildSettings = {
				ASSETCATALOG_COMPILER_APPICON_NAME = AppIcon;
				"CODE_SIGN_IDENTITY[sdk=iphoneos*]" = "iPhone Developer";
				DEVELOPMENT_TEAM = 822ZRS7896;
				INFOPLIST_FILE = mapDemo/Info.plist;
				LD_RUNPATH_SEARCH_PATHS = "$(inherited) @executable_path/Frameworks";
				PRODUCT_BUNDLE_IDENTIFIER = practice2.mapDemo;
				PRODUCT_NAME = "$(TARGET_NAME)";
				PROVISIONING_PROFILE_SPECIFIER = "";
				SWIFT_VERSION = 3.0;
			};
			name = Release;
		};
/* End XCBuildConfiguration section */

/* Begin XCConfigurationList section */
		781EE06E214664AC004E03EB /* Build configuration list for PBXProject "mapDemo" */ = {
			isa = XCConfigurationList;
			buildConfigurations = (
				781EE083214664AC004E03EB /* Debug */,
				781EE084214664AC004E03EB /* Release */,
			);
			defaultConfigurationIsVisible = 0;
			defaultConfigurationName = Release;
		};
		781EE085214664AC004E03EB /* Build configuration list for PBXNativeTarget "mapDemo" */ = {
			isa = XCConfigurationList;
			buildConfigurations = (
				781EE086214664AC004E03EB /* Debug */,
				781EE087214664AC004E03EB /* Release */,
			);
			defaultConfigurationIsVisible = 0;
			defaultConfigurationName = Release;
		};
/* End XCConfigurationList section */
	};
	rootObject = 781EE06B214664AC004E03EB /* Project object */;
}
